
Microsoft Visual Studio Solution File, Format Version 12.00
Project("{2150E333-8FDC-42A3-9474-1A3956D46DE8}") = "Infrastructure", "Infrastructure", "{CC48DE9F-4495-48C6-BEF8-4E63051AA732}"
EndProject
Project("{2150E333-8FDC-42A3-9474-1A3956D46DE8}") = "Presentation", "Presentation", "{16182DC4-D409-45AF-8C31-07C545316764}"
EndProject
Project("{FAE04EC0-301F-11D3-BF4B-00C04F79EFBC}") = "DYAT.Web", "DYAT.Web\DYAT.Web.csproj", "{DC698DED-EB1D-4D9D-9CBF-D17ED9348201}"
EndProject
Project("{2150E333-8FDC-42A3-9474-1A3956D46DE8}") = "Core", "Core", "{7297A99B-BF70-4BD0-80EB-CE0C49E4F087}"
EndProject
Project("{FAE04EC0-301F-11D3-BF4B-00C04F79EFBC}") = "DYAT.Application", "DYAT.Application\DYAT.Application.csproj", "{61F3EA3E-9F9B-48A9-AFE9-85994592FDF3}"
EndProject
Project("{FAE04EC0-301F-11D3-BF4B-00C04F79EFBC}") = "DYAT.Domain", "DYAT.Domain\DYAT.Domain.csproj", "{8D5D2526-E472-4F67-8403-A0B71B8E807A}"
EndProject
Project("{FAE04EC0-301F-11D3-BF4B-00C04F79EFBC}") = "DYAT.Infrastructure", "DYAT.Infrastructure\DYAT.Infrastructure.csproj", "{3BC21891-E619-428A-B52D-F5B02D32B82E}"
EndProject
Project("{FAE04EC0-301F-11D3-BF4B-00C04F79EFBC}") = "DYAT.Persistence", "DYAT.Persistence\DYAT.Persistence.csproj", "{A3013C1C-5B2E-41EB-8EC9-2F074F51715F}"
EndProject
Global
	GlobalSection(SolutionConfigurationPlatforms) = preSolution
		Debug|Any CPU = Debug|Any CPU
		Release|Any CPU = Release|Any CPU
	EndGlobalSection
	GlobalSection(ProjectConfigurationPlatforms) = postSolution
		{DC698DED-EB1D-4D9D-9CBF-D17ED9348201}.Debug|Any CPU.ActiveCfg = Debug|Any CPU
		{DC698DED-EB1D-4D9D-9CBF-D17ED9348201}.Debug|Any CPU.Build.0 = Debug|Any CPU
		{DC698DED-EB1D-4D9D-9CBF-D17ED9348201}.Release|Any CPU.ActiveCfg = Release|Any CPU
		{DC698DED-EB1D-4D9D-9CBF-D17ED9348201}.Release|Any CPU.Build.0 = Release|Any CPU
		{61F3EA3E-9F9B-48A9-AFE9-85994592FDF3}.Debug|Any CPU.ActiveCfg = Debug|Any CPU
		{61F3EA3E-9F9B-48A9-AFE9-85994592FDF3}.Debug|Any CPU.Build.0 = Debug|Any CPU
		{61F3EA3E-9F9B-48A9-AFE9-85994592FDF3}.Release|Any CPU.ActiveCfg = Release|Any CPU
		{61F3EA3E-9F9B-48A9-AFE9-85994592FDF3}.Release|Any CPU.Build.0 = Release|Any CPU
		{8D5D2526-E472-4F67-8403-A0B71B8E807A}.Debug|Any CPU.ActiveCfg = Debug|Any CPU
		{8D5D2526-E472-4F67-8403-A0B71B8E807A}.Debug|Any CPU.Build.0 = Debug|Any CPU
		{8D5D2526-E472-4F67-8403-A0B71B8E807A}.Release|Any CPU.ActiveCfg = Release|Any CPU
		{8D5D2526-E472-4F67-8403-A0B71B8E807A}.Release|Any CPU.Build.0 = Release|Any CPU
		{3BC21891-E619-428A-B52D-F5B02D32B82E}.Debug|Any CPU.ActiveCfg = Debug|Any CPU
		{3BC21891-E619-428A-B52D-F5B02D32B82E}.Debug|Any CPU.Build.0 = Debug|Any CPU
		{3BC21891-E619-428A-B52D-F5B02D32B82E}.Release|Any CPU.ActiveCfg = Release|Any CPU
		{3BC21891-E619-428A-B52D-F5B02D32B82E}.Release|Any CPU.Build.0 = Release|Any CPU
		{A3013C1C-5B2E-41EB-8EC9-2F074F51715F}.Debug|Any CPU.ActiveCfg = Debug|Any CPU
		{A3013C1C-5B2E-41EB-8EC9-2F074F51715F}.Debug|Any CPU.Build.0 = Debug|Any CPU
		{A3013C1C-5B2E-41EB-8EC9-2F074F51715F}.Release|Any CPU.ActiveCfg = Release|Any CPU
		{A3013C1C-5B2E-41EB-8EC9-2F074F51715F}.Release|Any CPU.Build.0 = Release|Any CPU
	EndGlobalSection
	GlobalSection(NestedProjects) = preSolution
		{DC698DED-EB1D-4D9D-9CBF-D17ED9348201} = {16182DC4-D409-45AF-8C31-07C545316764}
		{61F3EA3E-9F9B-48A9-AFE9-85994592FDF3} = {7297A99B-BF70-4BD0-80EB-CE0C49E4F087}
		{8D5D2526-E472-4F67-8403-A0B71B8E807A} = {7297A99B-BF70-4BD0-80EB-CE0C49E4F087}
		{3BC21891-E619-428A-B52D-F5B02D32B82E} = {CC48DE9F-4495-48C6-BEF8-4E63051AA732}
		{A3013C1C-5B2E-41EB-8EC9-2F074F51715F} = {CC48DE9F-4495-48C6-BEF8-4E63051AA732}
	EndGlobalSection
EndGlobal
